
Microsoft Visual Studio Solution File, Format Version 12.00
# Visual Studio 14
VisualStudioVersion = 14.0.23107.0
MinimumVisualStudioVersion = 10.0.40219.1
Project("{FAE04EC0-301F-11D3-BF4B-00C04F79EFBC}") = "Sales", "Sales\Sales.csproj", "{4C8E43A6-D0A7-4D56-BF8A-14BB8376776E}"
EndProject
Project("{FAE04EC0-301F-11D3-BF4B-00C04F79EFBC}") = "Sales.Contracts", "Sales.Contracts\Sales.Contracts.csproj", "{FC3D1E8F-B821-4EB7-9349-B2E12C45F81F}"
EndProject
Project("{2150E333-8FDC-42A3-9474-1A3956D46DE8}") = "Scripts", "Scripts", "{33D085CD-D0C3-4CAE-8A83-95FA783F756D}"
	ProjectSection(SolutionItems) = preProject
		SetupDatabases.sql = SetupDatabases.sql
	EndProjectSection
EndProject
Project("{2150E333-8FDC-42A3-9474-1A3956D46DE8}") = "SalesService", "SalesService", "{079ECE6B-16F9-4189-A904-F67FDD3B8AE3}"
EndProject
Project("{2150E333-8FDC-42A3-9474-1A3956D46DE8}") = "ShippingService", "ShippingService", "{172D607B-EA00-4824-B1EC-8607C5B91602}"
EndProject
Project("{FAE04EC0-301F-11D3-BF4B-00C04F79EFBC}") = "Shipping", "Shipping\Shipping.csproj", "{D1E2909D-23D0-4E3F-8EAA-F0B2B166193B}"
EndProject
Project("{FAE04EC0-301F-11D3-BF4B-00C04F79EFBC}") = "FedEx.Simulator", "FedEx.Simulator\FedEx.Simulator.csproj", "{14ABCADA-E2A8-4F53-98E1-B63FCBCC0BC9}"
EndProject
Project("{FAE04EC0-301F-11D3-BF4B-00C04F79EFBC}") = "FedEx.Gateway", "FedEx.Gateway\FedEx.Gateway.csproj", "{2635A600-4AA0-42F5-871A-40951225BB89}"
EndProject
Project("{FAE04EC0-301F-11D3-BF4B-00C04F79EFBC}") = "Billing", "Billing\Billing.csproj", "{6B4F07D9-20AE-4739-8E0C-3D2A5F532B1A}"
EndProject
Project("{2150E333-8FDC-42A3-9474-1A3956D46DE8}") = "BillingService", "BillingService", "{A64A8C8A-BE4A-4F01-AD75-D215195ED3DF}"
EndProject
Project("{FAE04EC0-301F-11D3-BF4B-00C04F79EFBC}") = "Billing.Contracts", "Billing.Contracts\Billing.Contracts.csproj", "{E978479D-347B-4B3E-8EC7-B08369B5EAFE}"
EndProject
Project("{FAE04EC0-301F-11D3-BF4B-00C04F79EFBC}") = "Ups.Gateway", "Ups.Gateway\Ups.Gateway.csproj", "{913E9C53-2AAA-4B2E-90DF-EFA3961D85B3}"
EndProject
Project("{FAE04EC0-301F-11D3-BF4B-00C04F79EFBC}") = "Shop", "Shop\Shop.csproj", "{74AAD6A8-D616-4CE1-9A04-FC94F411FACA}"
EndProject
Project("{2150E333-8FDC-42A3-9474-1A3956D46DE8}") = "CustomerCareService", "CustomerCareService", "{3A1BA713-4B43-4A9F-91EC-40BC56F04E96}"
EndProject
Project("{FAE04EC0-301F-11D3-BF4B-00C04F79EFBC}") = "CustomerCare", "CustomerCare\CustomerCare.csproj", "{9445F986-B6C9-48BE-A632-E3C0F8473DEC}"
EndProject
Project("{FAE04EC0-301F-11D3-BF4B-00C04F79EFBC}") = "CustomerCare.Contracts", "CustomerCare.Contracts\CustomerCare.Contracts.csproj", "{75C8239C-E97D-4340-B6B3-B033B1FE5E02}"
EndProject
Project("{2150E333-8FDC-42A3-9474-1A3956D46DE8}") = "Fedex", "Fedex", "{DB895465-233C-4AF9-A178-EBDBA2B83BFE}"
EndProject
Project("{2150E333-8FDC-42A3-9474-1A3956D46DE8}") = "Ups", "Ups", "{9831C768-D5EC-48EF-A9AF-FB846BBF6A30}"
EndProject
Global
	GlobalSection(SolutionConfigurationPlatforms) = preSolution
		Debug|Any CPU = Debug|Any CPU
		Release|Any CPU = Release|Any CPU
	EndGlobalSection
	GlobalSection(ProjectConfigurationPlatforms) = postSolution
		{4C8E43A6-D0A7-4D56-BF8A-14BB8376776E}.Debug|Any CPU.ActiveCfg = Debug|Any CPU
		{4C8E43A6-D0A7-4D56-BF8A-14BB8376776E}.Debug|Any CPU.Build.0 = Debug|Any CPU
		{4C8E43A6-D0A7-4D56-BF8A-14BB8376776E}.Release|Any CPU.ActiveCfg = Release|Any CPU
		{4C8E43A6-D0A7-4D56-BF8A-14BB8376776E}.Release|Any CPU.Build.0 = Release|Any CPU
		{FC3D1E8F-B821-4EB7-9349-B2E12C45F81F}.Debug|Any CPU.ActiveCfg = Debug|Any CPU
		{FC3D1E8F-B821-4EB7-9349-B2E12C45F81F}.Debug|Any CPU.Build.0 = Debug|Any CPU
		{FC3D1E8F-B821-4EB7-9349-B2E12C45F81F}.Release|Any CPU.ActiveCfg = Release|Any CPU
		{FC3D1E8F-B821-4EB7-9349-B2E12C45F81F}.Release|Any CPU.Build.0 = Release|Any CPU
		{D1E2909D-23D0-4E3F-8EAA-F0B2B166193B}.Debug|Any CPU.ActiveCfg = Debug|Any CPU
		{D1E2909D-23D0-4E3F-8EAA-F0B2B166193B}.Debug|Any CPU.Build.0 = Debug|Any CPU
		{D1E2909D-23D0-4E3F-8EAA-F0B2B166193B}.Release|Any CPU.ActiveCfg = Release|Any CPU
		{D1E2909D-23D0-4E3F-8EAA-F0B2B166193B}.Release|Any CPU.Build.0 = Release|Any CPU
		{14ABCADA-E2A8-4F53-98E1-B63FCBCC0BC9}.Debug|Any CPU.ActiveCfg = Debug|Any CPU
		{14ABCADA-E2A8-4F53-98E1-B63FCBCC0BC9}.Debug|Any CPU.Build.0 = Debug|Any CPU
		{14ABCADA-E2A8-4F53-98E1-B63FCBCC0BC9}.Release|Any CPU.ActiveCfg = Release|Any CPU
		{14ABCADA-E2A8-4F53-98E1-B63FCBCC0BC9}.Release|Any CPU.Build.0 = Release|Any CPU
		{2635A600-4AA0-42F5-871A-40951225BB89}.Debug|Any CPU.ActiveCfg = Debug|Any CPU
		{2635A600-4AA0-42F5-871A-40951225BB89}.Debug|Any CPU.Build.0 = Debug|Any CPU
		{2635A600-4AA0-42F5-871A-40951225BB89}.Release|Any CPU.ActiveCfg = Release|Any CPU
		{2635A600-4AA0-42F5-871A-40951225BB89}.Release|Any CPU.Build.0 = Release|Any CPU
		{6B4F07D9-20AE-4739-8E0C-3D2A5F532B1A}.Debug|Any CPU.ActiveCfg = Debug|Any CPU
		{6B4F07D9-20AE-4739-8E0C-3D2A5F532B1A}.Debug|Any CPU.Build.0 = Debug|Any CPU
		{6B4F07D9-20AE-4739-8E0C-3D2A5F532B1A}.Release|Any CPU.ActiveCfg = Release|Any CPU
		{6B4F07D9-20AE-4739-8E0C-3D2A5F532B1A}.Release|Any CPU.Build.0 = Release|Any CPU
		{E978479D-347B-4B3E-8EC7-B08369B5EAFE}.Debug|Any CPU.ActiveCfg = Debug|Any CPU
		{E978479D-347B-4B3E-8EC7-B08369B5EAFE}.Debug|Any CPU.Build.0 = Debug|Any CPU
		{E978479D-347B-4B3E-8EC7-B08369B5EAFE}.Release|Any CPU.ActiveCfg = Release|Any CPU
		{E978479D-347B-4B3E-8EC7-B08369B5EAFE}.Release|Any CPU.Build.0 = Release|Any CPU
		{913E9C53-2AAA-4B2E-90DF-EFA3961D85B3}.Debug|Any CPU.ActiveCfg = Debug|Any CPU
		{913E9C53-2AAA-4B2E-90DF-EFA3961D85B3}.Debug|Any CPU.Build.0 = Debug|Any CPU
		{913E9C53-2AAA-4B2E-90DF-EFA3961D85B3}.Release|Any CPU.ActiveCfg = Release|Any CPU
		{913E9C53-2AAA-4B2E-90DF-EFA3961D85B3}.Release|Any CPU.Build.0 = Release|Any CPU
		{74AAD6A8-D616-4CE1-9A04-FC94F411FACA}.Debug|Any CPU.ActiveCfg = Debug|Any CPU
		{74AAD6A8-D616-4CE1-9A04-FC94F411FACA}.Debug|Any CPU.Build.0 = Debug|Any CPU
		{74AAD6A8-D616-4CE1-9A04-FC94F411FACA}.Release|Any CPU.ActiveCfg = Release|Any CPU
		{74AAD6A8-D616-4CE1-9A04-FC94F411FACA}.Release|Any CPU.Build.0 = Release|Any CPU
		{9445F986-B6C9-48BE-A632-E3C0F8473DEC}.Debug|Any CPU.ActiveCfg = Debug|Any CPU
		{9445F986-B6C9-48BE-A632-E3C0F8473DEC}.Debug|Any CPU.Build.0 = Debug|Any CPU
		{9445F986-B6C9-48BE-A632-E3C0F8473DEC}.Release|Any CPU.ActiveCfg = Release|Any CPU
		{9445F986-B6C9-48BE-A632-E3C0F8473DEC}.Release|Any CPU.Build.0 = Release|Any CPU
		{75C8239C-E97D-4340-B6B3-B033B1FE5E02}.Debug|Any CPU.ActiveCfg = Debug|Any CPU
		{75C8239C-E97D-4340-B6B3-B033B1FE5E02}.Debug|Any CPU.Build.0 = Debug|Any CPU
		{75C8239C-E97D-4340-B6B3-B033B1FE5E02}.Release|Any CPU.ActiveCfg = Release|Any CPU
		{75C8239C-E97D-4340-B6B3-B033B1FE5E02}.Release|Any CPU.Build.0 = Release|Any CPU
	EndGlobalSection
	GlobalSection(SolutionProperties) = preSolution
		HideSolutionNode = FALSE
	EndGlobalSection
	GlobalSection(NestedProjects) = preSolution
		{4C8E43A6-D0A7-4D56-BF8A-14BB8376776E} = {079ECE6B-16F9-4189-A904-F67FDD3B8AE3}
		{FC3D1E8F-B821-4EB7-9349-B2E12C45F81F} = {079ECE6B-16F9-4189-A904-F67FDD3B8AE3}
		{D1E2909D-23D0-4E3F-8EAA-F0B2B166193B} = {172D607B-EA00-4824-B1EC-8607C5B91602}
		{14ABCADA-E2A8-4F53-98E1-B63FCBCC0BC9} = {DB895465-233C-4AF9-A178-EBDBA2B83BFE}
		{2635A600-4AA0-42F5-871A-40951225BB89} = {DB895465-233C-4AF9-A178-EBDBA2B83BFE}
		{6B4F07D9-20AE-4739-8E0C-3D2A5F532B1A} = {A64A8C8A-BE4A-4F01-AD75-D215195ED3DF}
		{E978479D-347B-4B3E-8EC7-B08369B5EAFE} = {A64A8C8A-BE4A-4F01-AD75-D215195ED3DF}
		{913E9C53-2AAA-4B2E-90DF-EFA3961D85B3} = {9831C768-D5EC-48EF-A9AF-FB846BBF6A30}
		{9445F986-B6C9-48BE-A632-E3C0F8473DEC} = {3A1BA713-4B43-4A9F-91EC-40BC56F04E96}
		{75C8239C-E97D-4340-B6B3-B033B1FE5E02} = {3A1BA713-4B43-4A9F-91EC-40BC56F04E96}
		{DB895465-233C-4AF9-A178-EBDBA2B83BFE} = {172D607B-EA00-4824-B1EC-8607C5B91602}
		{9831C768-D5EC-48EF-A9AF-FB846BBF6A30} = {172D607B-EA00-4824-B1EC-8607C5B91602}
	EndGlobalSection
EndGlobal
